
Microsoft Visual Studio Solution File, Format Version 12.00
# Visual Studio 15
Project("{FAE04EC0-301F-11D3-BF4B-00C04F79EFBC}") = "ChallengedTexting.Android", "ChallengedTexting.Android\ChallengedTexting.Android.csproj", "{189BBBEC-BE22-4DBA-801B-58559F6A8CAD}"
EndProject
Project("{FAE04EC0-301F-11D3-BF4B-00C04F79EFBC}") = "ChallengedTexting.iOS", "ChallengedTexting.iOS\ChallengedTexting.iOS.csproj", "{0D433627-EBAD-4C72-90AE-A76FC393BE31}"
EndProject
Project("{FAE04EC0-301F-11D3-BF4B-00C04F79EFBC}") = "ChallengedTexting.UITests", "ChallengedTexting.UITests\ChallengedTexting.UITests.csproj", "{9136E6E3-79DD-4C1F-BB6F-259460875212}"
EndProject
Project("{FAE04EC0-301F-11D3-BF4B-00C04F79EFBC}") = "ChallengedTexting", "ChallengedTexting\ChallengedTexting.csproj", "{3B6355D8-8BC4-422C-94F0-75AE4536306F}"
EndProject
Global
	GlobalSection(SolutionConfigurationPlatforms) = preSolution
		Debug|Any CPU = Debug|Any CPU
		Release|Any CPU = Release|Any CPU
		Debug|iPhoneSimulator = Debug|iPhoneSimulator
		Release|iPhoneSimulator = Release|iPhoneSimulator
		Debug|iPhone = Debug|iPhone
		Release|iPhone = Release|iPhone
	EndGlobalSection
	GlobalSection(ProjectConfigurationPlatforms) = postSolution
		{189BBBEC-BE22-4DBA-801B-58559F6A8CAD}.Debug|Any CPU.ActiveCfg = Debug|Any CPU
		{189BBBEC-BE22-4DBA-801B-58559F6A8CAD}.Debug|Any CPU.Build.0 = Debug|Any CPU
		{189BBBEC-BE22-4DBA-801B-58559F6A8CAD}.Release|Any CPU.ActiveCfg = Release|Any CPU
		{189BBBEC-BE22-4DBA-801B-58559F6A8CAD}.Release|Any CPU.Build.0 = Release|Any CPU
		{189BBBEC-BE22-4DBA-801B-58559F6A8CAD}.Debug|iPhoneSimulator.ActiveCfg = Debug|Any CPU
		{189BBBEC-BE22-4DBA-801B-58559F6A8CAD}.Debug|iPhoneSimulator.Build.0 = Debug|Any CPU
		{189BBBEC-BE22-4DBA-801B-58559F6A8CAD}.Release|iPhoneSimulator.ActiveCfg = Release|Any CPU
		{189BBBEC-BE22-4DBA-801B-58559F6A8CAD}.Release|iPhoneSimulator.Build.0 = Release|Any CPU
		{189BBBEC-BE22-4DBA-801B-58559F6A8CAD}.Debug|iPhone.ActiveCfg = Debug|Any CPU
		{189BBBEC-BE22-4DBA-801B-58559F6A8CAD}.Debug|iPhone.Build.0 = Debug|Any CPU
		{189BBBEC-BE22-4DBA-801B-58559F6A8CAD}.Release|iPhone.ActiveCfg = Release|Any CPU
		{189BBBEC-BE22-4DBA-801B-58559F6A8CAD}.Release|iPhone.Build.0 = Release|Any CPU
		{0D433627-EBAD-4C72-90AE-A76FC393BE31}.Debug|Any CPU.ActiveCfg = Debug|iPhoneSimulator
		{0D433627-EBAD-4C72-90AE-A76FC393BE31}.Debug|Any CPU.Build.0 = Debug|iPhoneSimulator
		{0D433627-EBAD-4C72-90AE-A76FC393BE31}.Release|Any CPU.ActiveCfg = Release|iPhoneSimulator
		{0D433627-EBAD-4C72-90AE-A76FC393BE31}.Release|Any CPU.Build.0 = Release|iPhoneSimulator
		{0D433627-EBAD-4C72-90AE-A76FC393BE31}.Debug|iPhoneSimulator.ActiveCfg = Debug|iPhoneSimulator
		{0D433627-EBAD-4C72-90AE-A76FC393BE31}.Debug|iPhoneSimulator.Build.0 = Debug|iPhoneSimulator
		{0D433627-EBAD-4C72-90AE-A76FC393BE31}.Release|iPhoneSimulator.ActiveCfg = Release|iPhoneSimulator
		{0D433627-EBAD-4C72-90AE-A76FC393BE31}.Release|iPhoneSimulator.Build.0 = Release|iPhoneSimulator
		{0D433627-EBAD-4C72-90AE-A76FC393BE31}.Debug|iPhone.ActiveCfg = Debug|iPhone
		{0D433627-EBAD-4C72-90AE-A76FC393BE31}.Debug|iPhone.Build.0 = Debug|iPhone
		{0D433627-EBAD-4C72-90AE-A76FC393BE31}.Release|iPhone.ActiveCfg = Release|iPhone
		{0D433627-EBAD-4C72-90AE-A76FC393BE31}.Release|iPhone.Build.0 = Release|iPhone
		{9136E6E3-79DD-4C1F-BB6F-259460875212}.Debug|Any CPU.ActiveCfg = Debug|Any CPU
		{9136E6E3-79DD-4C1F-BB6F-259460875212}.Debug|Any CPU.Build.0 = Debug|Any CPU
		{9136E6E3-79DD-4C1F-BB6F-259460875212}.Release|Any CPU.ActiveCfg = Release|Any CPU
		{9136E6E3-79DD-4C1F-BB6F-259460875212}.Release|Any CPU.Build.0 = Release|Any CPU
		{9136E6E3-79DD-4C1F-BB6F-259460875212}.Debug|iPhoneSimulator.ActiveCfg = Debug|Any CPU
		{9136E6E3-79DD-4C1F-BB6F-259460875212}.Debug|iPhoneSimulator.Build.0 = Debug|Any CPU
		{9136E6E3-79DD-4C1F-BB6F-259460875212}.Release|iPhoneSimulator.ActiveCfg = Release|Any CPU
		{9136E6E3-79DD-4C1F-BB6F-259460875212}.Release|iPhoneSimulator.Build.0 = Release|Any CPU
		{9136E6E3-79DD-4C1F-BB6F-259460875212}.Debug|iPhone.ActiveCfg = Debug|Any CPU
		{9136E6E3-79DD-4C1F-BB6F-259460875212}.Debug|iPhone.Build.0 = Debug|Any CPU
		{9136E6E3-79DD-4C1F-BB6F-259460875212}.Release|iPhone.ActiveCfg = Release|Any CPU
		{9136E6E3-79DD-4C1F-BB6F-259460875212}.Release|iPhone.Build.0 = Release|Any CPU
		{3B6355D8-8BC4-422C-94F0-75AE4536306F}.Debug|Any CPU.ActiveCfg = Debug|Any CPU
		{3B6355D8-8BC4-422C-94F0-75AE4536306F}.Debug|Any CPU.Build.0 = Debug|Any CPU
		{3B6355D8-8BC4-422C-94F0-75AE4536306F}.Release|Any CPU.ActiveCfg = Release|Any CPU
		{3B6355D8-8BC4-422C-94F0-75AE4536306F}.Release|Any CPU.Build.0 = Release|Any CPU
		{3B6355D8-8BC4-422C-94F0-75AE4536306F}.Debug|iPhoneSimulator.ActiveCfg = Debug|Any CPU
		{3B6355D8-8BC4-422C-94F0-75AE4536306F}.Debug|iPhoneSimulator.Build.0 = Debug|Any CPU
		{3B6355D8-8BC4-422C-94F0-75AE4536306F}.Release|iPhoneSimulator.ActiveCfg = Release|Any CPU
		{3B6355D8-8BC4-422C-94F0-75AE4536306F}.Release|iPhoneSimulator.Build.0 = Release|Any CPU
		{3B6355D8-8BC4-422C-94F0-75AE4536306F}.Debug|iPhone.ActiveCfg = Debug|Any CPU
		{3B6355D8-8BC4-422C-94F0-75AE4536306F}.Debug|iPhone.Build.0 = Debug|Any CPU
		{3B6355D8-8BC4-422C-94F0-75AE4536306F}.Release|iPhone.ActiveCfg = Release|Any CPU
		{3B6355D8-8BC4-422C-94F0-75AE4536306F}.Release|iPhone.Build.0 = Release|Any CPU
	EndGlobalSection
EndGlobal
